# THIS IS AN AUTOGENERATED FILE. DO NOT EDIT THIS FILE DIRECTLY.
# yarn lockfile v1


bootstrap-sass@^3.4.1:
  version "3.4.1"
  resolved "https://registry.yarnpkg.com/bootstrap-sass/-/bootstrap-sass-3.4.1.tgz#6843c73b1c258a0ac5cb2cc6f6f5285b664a8e9a"
  integrity sha512-p5rxsK/IyEDQm2CwiHxxUi0MZZtvVFbhWmyMOt4lLkA4bujDA1TGoKT0i1FKIWiugAdP+kK8T5KMDFIKQCLYIA==

jquery-raty-js@^2.8.0:
  version "2.8.0"
  resolved "https://registry.yarnpkg.com/jquery-raty-js/-/jquery-raty-js-2.8.0.tgz#bffa7fe90033e06df3b0a19d9f24a8bbf02c06f6"
  integrity sha512-p4EWkXEATrThYT/bfCgvYAKaf5hdapserkcQa5CYkzgDe7LDm+1tJ5wFofiAkg57FsZmiMXeHNguucqPvyb8ZQ==
  dependencies:
    jquery "^3.2.1"

jquery@^3.2.1, jquery@^3.4.1:
  version "3.4.1"
  resolved "https://registry.yarnpkg.com/jquery/-/jquery-3.4.1.tgz#714f1f8d9dde4bdfa55764ba37ef214630d80ef2"
  integrity sha512-36+AdBzCL+y6qjw5Tx7HgzeGCzC81MDDgaUP8ld2zhx58HdqXGoBd+tHdrBMiyjGQs0Hxs/MLZTu/eHNJJuWPw==
